{
  "name": "alx-backend-javascript",
  "lockfileVersion": 3,
  "requires": true,
  "packages": {
    "": {
      "dependencies": {
        "Babel": "^0.0.1"
      }
    },
    "node_modules/Babel": {
      "version": "0.0.1",
      "resolved": "https://registry.npmjs.org/Babel/-/Babel-0.0.1.tgz",
      "integrity": "sha512-RWEzb4K28gBlQPMjARJYPTBsrVhQNIM2AqpeouW0yZCCO/7Sei88qouGyuuJEoo7ql6mfCkwEACqPhfuY6sYTw==",
      "dependencies": {
        "step": "0.0.x",
        "underscore": "1.x.x"
      },
      "engines": {
        "node": "*"
      }
    },
    "node_modules/step": {
      "version": "0.0.6",
      "resolved": "https://registry.npmjs.org/step/-/step-0.0.6.tgz",
      "integrity": "sha512-qSSeQinUJk2w38vUFobjFoE307GqsozMC8VisOCkJLpklvKPT0ptPHwWOrENoag8rgLudvTkfP3bancwP93/Jw=="
    },
    "node_modules/underscore": {
      "version": "1.13.7",
      "resolved": "https://registry.npmjs.org/underscore/-/underscore-1.13.7.tgz",
      "integrity": "sha512-GMXzWtsc57XAtguZgaQViUOzs0KTkk8ojr3/xAxXLITqf/3EMwxC0inyETfDFjH/Krbhuep0HNbbjI9i/q3F3g=="
    }
  }
}
